lockfileVersion: '9.0'

settings:
  autoInstallPeers: true
  excludeLinksFromLockfile: false

importers:

  .:
    dependencies:
      '@codemirror/autocomplete':
        specifier: ^6.20.1
        version: 6.20.1
      '@codemirror/commands':
        specifier: ^6.10.0
        version: 6.10.3
      '@codemirror/lang-markdown':
        specifier: ^6.3.4
        version: 6.5.0
      '@codemirror/language':
        specifier: ^6.12.3
        version: 6.12.3
      '@codemirror/state':
        specifier: ^6.6.0
        version: 6.6.0
      '@codemirror/view':
        specifier: ^6.41.0
        version: 6.41.0
      '@lexical/extension':
        specifier: 0.49.0
        version: 0.49.0(typescript@5.9.3)
      '@lexical/history':
        specifier: 0.49.0
        version: 0.49.0(typescript@5.9.3)
      '@lexical/link':
        specifier: 0.49.0
        version: 0.49.0(typescript@5.9.3)
      '@lexical/list':
        specifier: 0.49.0
        version: 0.49.0(typescript@5.9.3)
      '@lexical/markdown':
        specifier: 0.49.0
        version: 0.49.0(typescript@5.9.3)
      '@lexical/rich-text':
        specifier: 0.49.0
        version: 0.49.0(typescript@5.9.3)
      '@lexical/selection':
        specifier: 0.49.0
        version: 0.49.0(typescript@5.9.3)
      '@lezer/highlight':
        specifier: ^1.2.3
        version: 1.2.3
      codemirror:
        specifier: ^6.0.2
        version: 6.0.2
      lexical:
        specifier: 0.49.0
        version: 0.49.0(typescript@5.9.3)
      turndown:
        specifier: ^7.2.1
        version: 7.2.4
    devDependencies:
      '@playwright/test':
        specifier: ^1.62.1
        version: 1.62.1
      typescript:
        specifier: ^5.9.3
        version: 5.9.3

packages:

  '@codemirror/autocomplete@6.20.1':
    resolution: {integrity: sha512-1cvg3Vz1dSSToCNlJfRA2WSI4ht3K+WplO0UMOgmUYPivCyy2oueZY6Lx7M9wThm7SDUBViRmuT+OG/i8+ON9A==}

  '@codemirror/commands@6.10.3':
    resolution: {integrity: sha512-JFRiqhKu+bvSkDLI+rUhJwSxQxYb759W5GBezE8Uc8mHLqC9aV/9aTC7yJSqCtB3F00pylrLCwnyS91Ap5ej4Q==}

  '@codemirror/lang-css@6.3.1':
    resolution: {integrity: sha512-kr5fwBGiGtmz6l0LSJIbno9QrifNMUusivHbnA1H6Dmqy4HZFte3UAICix1VuKo0lMPKQr2rqB+0BkKi/S3Ejg==}

  '@codemirror/lang-html@6.4.11':
    resolution: {integrity: sha512-9NsXp7Nwp891pQchI7gPdTwBuSuT3K65NGTHWHNJ55HjYcHLllr0rbIZNdOzas9ztc1EUVBlHou85FFZS4BNnw==}

  '@codemirror/lang-javascript@6.2.5':
    resolution: {integrity: sha512-zD4e5mS+50htS7F+TYjBPsiIFGanfVqg4HyUz6WNFikgOPf2BgKlx+TQedI1w6n/IqRBVBbBWmGFdLB/7uxO4A==}

  '@codemirror/lang-markdown@6.5.0':
    resolution: {integrity: sha512-0K40bZ35jpHya6FriukbgaleaqzBLZfOh7HuzqbMxBXkbYMJDxfF39c23xOgxFezR+3G+tR2/Mup+Xk865OMvw==}

  '@codemirror/language@6.12.3':
    resolution: {integrity: sha512-QwCZW6Tt1siP37Jet9Tb02Zs81TQt6qQrZR2H+eGMcFsL1zMrk2/b9CLC7/9ieP1fjIUMgviLWMmgiHoJrj+ZA==}

  '@codemirror/lint@6.9.5':
    resolution: {integrity: sha512-GElsbU9G7QT9xXhpUg1zWGmftA/7jamh+7+ydKRuT0ORpWS3wOSP0yT1FOlIZa7mIJjpVPipErsyvVqB9cfTFA==}

  '@codemirror/search@6.6.0':
    resolution: {integrity: sha512-koFuNXcDvyyotWcgOnZGmY7LZqEOXZaaxD/j6n18TCLx2/9HieZJ5H6hs1g8FiRxBD0DNfs0nXn17g872RmYdw==}

  '@codemirror/state@6.6.0':
    resolution: {integrity: sha512-4nbvra5R5EtiCzr9BTHiTLc+MLXK2QGiAVYMyi8PkQd3SR+6ixar/Q/01Fa21TBIDOZXgeWV4WppsQolSreAPQ==}

  '@codemirror/view@6.41.0':
    resolution: {integrity: sha512-6H/qadXsVuDY219Yljhohglve8xf4B8xJkVOEWfA5uiYKiTFppjqsvsfR5iPA0RbvRBoOyTZpbLIxe9+0UR8xA==}

  '@lexical/clipboard@0.49.0':
    resolution: {integrity: sha512-AVKj21xH1qU7JAFA/v0hCoafa+Yti1I7cHG+JQIgc/EqCtP8ePeJyIfTPNN/tXskoCdq++HewQoiSXRwwlocVg==}
    peerDependencies:
      typescript: '>=5.2'
    peerDependenciesMeta:
      typescript:
        optional: true

  '@lexical/code-core@0.49.0':
    resolution: {integrity: sha512-29sXI4ydcN/OyBJNlZXkGKtQXzfiIWet+YN20+wT97zkqityOvRilK6qzTRz9Cd0ungEPlJENqXQhsy6BJeXpg==}
    peerDependencies:
      typescript: '>=5.2'
    peerDependenciesMeta:
      typescript:
        optional: true

  '@lexical/dragon@0.49.0':
    resolution: {integrity: sha512-62/4DP5qyX/l4Yf5qRyyQrs9BV725eRU3OmLUW6g7T5xrcHXxAo7tia/NvqjqvXdpvQzyHjWgsy7dMitGITUsw==}
    peerDependencies:
      typescript: '>=5.2'
    peerDependenciesMeta:
      typescript:
        optional: true

  '@lexical/extension@0.49.0':
    resolution: {integrity: sha512-Wv0VsuqxorbxHCK4ms1PwAu6cXIGNLtflq66auF+zwxOtBprkSFV8VzzzdKLOYD2admP0VK6EqVCeGXFK1GggA==}
    peerDependencies:
      typescript: '>=5.2'
    peerDependenciesMeta:
      typescript:
        optional: true

  '@lexical/history@0.49.0':
    resolution: {integrity: sha512-uQdtEd34gIJklXNSdHS2Wko1zxx1xUMVXbiodcLO6a3GeFTE5bKnx6af1zGX78KpYhUQYnHWorKuUvtdZlJPaA==}
    peerDependencies:
      typescript: '>=5.2'
    peerDependenciesMeta:
      typescript:
        optional: true

  '@lexical/html@0.49.0':
    resolution: {integrity: sha512-NQqAydKzRjQl7Jx+bTTyC2iuz5uhuDaQX0SSPrdfgaFDCPjqQEejcBkCt1QXnu1CkbVHutZKVGVzljx40Y6y+Q==}
    peerDependencies:
      typescript: '>=5.2'
    peerDependenciesMeta:
      typescript:
        optional: true

  '@lexical/internal@0.49.0':
    resolution: {integrity: sha512-s+XjPC7Qb39A/Xx9ahcz1s69CPix4ultaqyW+MDG0AXYW2quDr7m0USqReKIAiuoLIWtGN5HW8BwV2Y6t4qr6Q==}
    peerDependencies:
      typescript: '>=5.2'
    peerDependenciesMeta:
      typescript:
        optional: true

  '@lexical/link@0.49.0':
    resolution: {integrity: sha512-CsZVu1OfnPOn6IKWVO5DbmKwIuicGtgWSzrZMdMB8w6yPoMgFyPWeVulhPE7LNz2FhaQCWv+lVVYVAiJrUzJsg==}
    peerDependencies:
      typescript: '>=5.2'
    peerDependenciesMeta:
      typescript:
        optional: true

  '@lexical/list@0.49.0':
    resolution: {integrity: sha512-zs6wYkxakDRcJO0KmwrPPHgeLLIxzjD+P2CRu+scJCHRuA5e2iSw2iFjH5n/LlWBrlnPMSjeQse4QqsRy9nnqA==}
    peerDependencies:
      typescript: '>=5.2'
    peerDependenciesMeta:
      typescript:
        optional: true

  '@lexical/markdown@0.49.0':
    resolution: {integrity: sha512-n7x/3OLdi5R0ztICCn8udxRIWFZFVtmQS3a06Tjkyvm/j/dPlFQ/henKSOFjjX/IqVzQzSmiNaDhqKWxXM5npQ==}
    peerDependencies:
      typescript: '>=5.2'
    peerDependenciesMeta:
      typescript:
        optional: true

  '@lexical/rich-text@0.49.0':
    resolution: {integrity: sha512-LM+d8ULmQvi2Av6UaW4NAIa/Bj9FOo9oh6+dglTzuoFPFQ3sogy5c38i2K9k0ul7aE+bFsXkSmHbu4LkrHIkBQ==}
    peerDependencies:
      typescript: '>=5.2'
    peerDependenciesMeta:
      typescript:
        optional: true

  '@lexical/selection@0.49.0':
    resolution: {integrity: sha512-08Vd1+VoC6YnztWOFWVsqF/Hxw5EP8qeL1c7t3+rVCV8revLzXxdQw+vbPX3tgM4fmjOBDUXk6Ws1+rTtsqjcQ==}
    peerDependencies:
      typescript: '>=5.2'
    peerDependenciesMeta:
      typescript:
        optional: true

  '@lexical/text@0.49.0':
    resolution: {integrity: sha512-mowedvbvx0HDaW+ymVdYmWVhueqgauhhqIWaCtbJj33tPk8pOu1BB0pZuJQbOB+1bDnFiZhkJV8W/CvR2M9lEA==}
    peerDependencies:
      typescript: '>=5.2'
    peerDependenciesMeta:
      typescript:
        optional: true

  '@lexical/utils@0.49.0':
    resolution: {integrity: sha512-Jaa6DERBqxiFOFa49VPRV1WOb7mzRbMZ5U+v+RFagjzTmBhfxDmEkbQQ9nYTU3n3DPfdT8Hkyffextmw04etXg==}
    peerDependencies:
      typescript: '>=5.2'
    peerDependenciesMeta:
      typescript:
        optional: true

  '@lezer/common@1.5.2':
    resolution: {integrity: sha512-sxQE460fPZyU3sdc8lafxiPwJHBzZRy/udNFynGQky1SePYBdhkBl1kOagA9uT3pxR8K09bOrmTUqA9wb/PjSQ==}

  '@lezer/css@1.3.3':
    resolution: {integrity: sha512-RzBo8r+/6QJeow7aPHIpGVIH59xTcJXp399820gZoMo9noQDRVpJLheIBUicYwKcsbOYoBRoLZlf2720dG/4Tg==}

  '@lezer/highlight@1.2.3':
    resolution: {integrity: sha512-qXdH7UqTvGfdVBINrgKhDsVTJTxactNNxLk7+UMwZhU13lMHaOBlJe9Vqp907ya56Y3+ed2tlqzys7jDkTmW0g==}

  '@lezer/html@1.3.13':
    resolution: {integrity: sha512-oI7n6NJml729m7pjm9lvLvmXbdoMoi2f+1pwSDJkl9d68zGr7a9Btz8NdHTGQZtW2DA25ybeuv/SyDb9D5tseg==}

  '@lezer/javascript@1.5.4':
    resolution: {integrity: sha512-vvYx3MhWqeZtGPwDStM2dwgljd5smolYD2lR2UyFcHfxbBQebqx8yjmFmxtJ/E6nN6u1D9srOiVWm3Rb4tmcUA==}

  '@lezer/lr@1.4.10':
    resolution: {integrity: sha512-rnCpTIBafOx4mRp43xOxDJbFipJm/c0cia/V5TiGlhmMa+wsSdoGmUN3w5Bqrks/09Q/D4tNAmWaT8p6NRi77A==}

  '@lezer/markdown@1.6.3':
    resolution: {integrity: sha512-jpGm5Ps+XErS+xA4urw7ogEGkeZOahVQF21Z6oECF0sj+2liwZopd2+I8uH5I/vZsRuuze3OxBREIANLf6KKUw==}

  '@marijn/find-cluster-break@1.0.2':
    resolution: {integrity: sha512-l0h88YhZFyKdXIFNfSWpyjStDjGHwZ/U7iobcK1cQQD8sejsONdQtTVU+1wVN1PBw40PiiHB1vA5S7VTfQiP9g==}

  '@mixmark-io/domino@2.2.0':
    resolution: {integrity: sha512-Y28PR25bHXUg88kCV7nivXrP2Nj2RueZ3/l/jdx6J9f8J4nsEGcgX0Qe6lt7Pa+J79+kPiJU3LguR6O/6zrLOw==}

  '@playwright/test@1.62.1':
    resolution: {integrity: sha512-DTcUc8qii+cpHvtOwggMtBRMjKZHXYWdw8syRYu2vtzuq4Wxphqq4NfCs5Zt44L6mA8rfDfj+PHnxFc/FeK6mQ==}
    engines: {node: '>=20'}
    hasBin: true

  '@preact/signals-core@1.14.2':
    resolution: {integrity: sha512-RZHdBj9ZF4n40Rp4jS052EHHjBWf96P9oNdXPfhQTovCuWY9iQn3Gq+gOTJSgBO9A/JBuPfMOWsSX/lIU9Pc/A==}

  '@types/trusted-types@2.0.7':
    resolution: {integrity: sha512-ScaPdn1dQczgbl0QFTeTOmVHFULt394XJgOQNoyVhZ6r2vLnMLJfBPd53SB52T/3G36VI1/g2MZaX0cwDuXsfw==}

  codemirror@6.0.2:
    resolution: {integrity: sha512-VhydHotNW5w1UGK0Qj96BwSk/Zqbp9WbnyK2W/eVMv4QyF41INRGpjUhFJY7/uDNuudSc33a/PKr4iDqRduvHw==}

  crelt@1.0.6:
    resolution: {integrity: sha512-VQ2MBenTq1fWZUH9DJNGti7kKv6EeAuYr3cLwxUWhIu1baTaXh4Ib5W2CqHVqib4/MqbYGJqiL3Zb8GJZr3l4g==}

  fsevents@2.3.2:
    resolution: {integrity: sha512-xiqMQR4xAeHTuB9uWm+fFRcIOgKBMiOBP+eXiyT7jsgVCq1bkVygt00oASowB7EdtpOHaaPgKt812P9ab+DDKA==}
    engines: {node: ^8.16.0 || ^10.6.0 || >=11.0.0}
    os: [darwin]

  lexical@0.49.0:
    resolution: {integrity: sha512-9V1ZIzGpJEd8rIN+nN7veL4fW4fFWbS66Un4JNqSZB4D5t9euzN9+3+jEXy83FjNjNy0MiiUI3+DQaGCLYko0w==}
    peerDependencies:
      typescript: '>=5.2'
    peerDependenciesMeta:
      typescript:
        optional: true

  playwright-core@1.62.1:
    resolution: {integrity: sha512-wPYSwEBJY9GHraISXqyqtx0na0LpO3XEX7jNDhntbex7tzUS7kLnZsOlFruFJB4Hi/rhDMjXGqHewDZ68nYZVw==}
    engines: {node: '>=20'}
    hasBin: true

  playwright@1.62.1:
    resolution: {integrity: sha512-0M+L3LAD8/nm554LOla9Ayx0j0tmFZ0FBcoQ7F1VuVHpM/XpiC8RcDzBQB8W5+hA8L22THxELzeF+2WcUzvcLg==}
    engines: {node: '>=20'}
    hasBin: true

  style-mod@4.1.3:
    resolution: {integrity: sha512-i/n8VsZydrugj3Iuzll8+x/00GH2vnYsk1eomD8QiRrSAeW6ItbCQDtfXCeJHd0iwiNagqjQkvpvREEPtW3IoQ==}

  turndown@7.2.4:
    resolution: {integrity: sha512-I8yFsfRzmzK0WV1pNNOA4A7y4RDfFxPRxb3t+e3ui14qSGOxGtiSP6GjeX+Y6CHb7HYaFj7ECUD7VE5kQMZWGQ==}
    engines: {node: '>=18', npm: '>=9'}

  typescript@5.9.3:
    resolution: {integrity: sha512-jl1vZzPDinLr9eUt3J/t7V6FgNEw9QjvBPdysz9KfQDD41fQrC2Y4vKQdiaUpFT4bXlb1RHhLpp8wtm6M5TgSw==}
    engines: {node: '>=14.17'}
    hasBin: true

  w3c-keyname@2.2.8:
    resolution: {integrity: sha512-dpojBhNsCNN7T82Tm7k26A6G9ML3NkhDsnw9n/eoxSRlVBB4CEtIQ/KTCLI2Fwf3ataSXRhYFkQi3SlnFwPvPQ==}

snapshots:

  '@codemirror/autocomplete@6.20.1':
    dependencies:
      '@codemirror/language': 6.12.3
      '@codemirror/state': 6.6.0
      '@codemirror/view': 6.41.0
      '@lezer/common': 1.5.2

  '@codemirror/commands@6.10.3':
    dependencies:
      '@codemirror/language': 6.12.3
      '@codemirror/state': 6.6.0
      '@codemirror/view': 6.41.0
      '@lezer/common': 1.5.2

  '@codemirror/lang-css@6.3.1':
    dependencies:
      '@codemirror/autocomplete': 6.20.1
      '@codemirror/language': 6.12.3
      '@codemirror/state': 6.6.0
      '@lezer/common': 1.5.2
      '@lezer/css': 1.3.3

  '@codemirror/lang-html@6.4.11':
    dependencies:
      '@codemirror/autocomplete': 6.20.1
      '@codemirror/lang-css': 6.3.1
      '@codemirror/lang-javascript': 6.2.5
      '@codemirror/language': 6.12.3
      '@codemirror/state': 6.6.0
      '@codemirror/view': 6.41.0
      '@lezer/common': 1.5.2
      '@lezer/css': 1.3.3
      '@lezer/html': 1.3.13

  '@codemirror/lang-javascript@6.2.5':
    dependencies:
      '@codemirror/autocomplete': 6.20.1
      '@codemirror/language': 6.12.3
      '@codemirror/lint': 6.9.5
      '@codemirror/state': 6.6.0
      '@codemirror/view': 6.41.0
      '@lezer/common': 1.5.2
      '@lezer/javascript': 1.5.4

  '@codemirror/lang-markdown@6.5.0':
    dependencies:
      '@codemirror/autocomplete': 6.20.1
      '@codemirror/lang-html': 6.4.11
      '@codemirror/language': 6.12.3
      '@codemirror/state': 6.6.0
      '@codemirror/view': 6.41.0
      '@lezer/common': 1.5.2
      '@lezer/markdown': 1.6.3

  '@codemirror/language@6.12.3':
    dependencies:
      '@codemirror/state': 6.6.0
      '@codemirror/view': 6.41.0
      '@lezer/common': 1.5.2
      '@lezer/highlight': 1.2.3
      '@lezer/lr': 1.4.10
      style-mod: 4.1.3

  '@codemirror/lint@6.9.5':
    dependencies:
      '@codemirror/state': 6.6.0
      '@codemirror/view': 6.41.0
      crelt: 1.0.6

  '@codemirror/search@6.6.0':
    dependencies:
      '@codemirror/state': 6.6.0
      '@codemirror/view': 6.41.0
      crelt: 1.0.6

  '@codemirror/state@6.6.0':
    dependencies:
      '@marijn/find-cluster-break': 1.0.2

  '@codemirror/view@6.41.0':
    dependencies:
      '@codemirror/state': 6.6.0
      crelt: 1.0.6
      style-mod: 4.1.3
      w3c-keyname: 2.2.8

  '@lexical/clipboard@0.49.0(typescript@5.9.3)':
    dependencies:
      '@lexical/extension': 0.49.0(typescript@5.9.3)
      '@lexical/html': 0.49.0(typescript@5.9.3)
      '@lexical/internal': 0.49.0(typescript@5.9.3)
      '@lexical/list': 0.49.0(typescript@5.9.3)
      '@lexical/selection': 0.49.0(typescript@5.9.3)
      '@lexical/utils': 0.49.0(typescript@5.9.3)
      '@types/trusted-types': 2.0.7
      lexical: 0.49.0(typescript@5.9.3)
    optionalDependencies:
      typescript: 5.9.3

  '@lexical/code-core@0.49.0(typescript@5.9.3)':
    dependencies:
      '@lexical/extension': 0.49.0(typescript@5.9.3)
      '@lexical/html': 0.49.0(typescript@5.9.3)
      '@lexical/internal': 0.49.0(typescript@5.9.3)
      '@lexical/utils': 0.49.0(typescript@5.9.3)
      lexical: 0.49.0(typescript@5.9.3)
    optionalDependencies:
      typescript: 5.9.3

  '@lexical/dragon@0.49.0(typescript@5.9.3)':
    dependencies:
      '@lexical/extension': 0.49.0(typescript@5.9.3)
      lexical: 0.49.0(typescript@5.9.3)
    optionalDependencies:
      typescript: 5.9.3

  '@lexical/extension@0.49.0(typescript@5.9.3)':
    dependencies:
      '@lexical/internal': 0.49.0(typescript@5.9.3)
      '@lexical/utils': 0.49.0(typescript@5.9.3)
      '@preact/signals-core': 1.14.2
      lexical: 0.49.0(typescript@5.9.3)
    optionalDependencies:
      typescript: 5.9.3

  '@lexical/history@0.49.0(typescript@5.9.3)':
    dependencies:
      '@lexical/extension': 0.49.0(typescript@5.9.3)
      '@lexical/utils': 0.49.0(typescript@5.9.3)
      lexical: 0.49.0(typescript@5.9.3)
    optionalDependencies:
      typescript: 5.9.3

  '@lexical/html@0.49.0(typescript@5.9.3)':
    dependencies:
      '@lexical/extension': 0.49.0(typescript@5.9.3)
      '@lexical/internal': 0.49.0(typescript@5.9.3)
      '@lexical/selection': 0.49.0(typescript@5.9.3)
      '@lexical/utils': 0.49.0(typescript@5.9.3)
      lexical: 0.49.0(typescript@5.9.3)
    optionalDependencies:
      typescript: 5.9.3

  '@lexical/internal@0.49.0(typescript@5.9.3)':
    optionalDependencies:
      typescript: 5.9.3

  '@lexical/link@0.49.0(typescript@5.9.3)':
    dependencies:
      '@lexical/extension': 0.49.0(typescript@5.9.3)
      '@lexical/html': 0.49.0(typescript@5.9.3)
      '@lexical/internal': 0.49.0(typescript@5.9.3)
      '@lexical/utils': 0.49.0(typescript@5.9.3)
      lexical: 0.49.0(typescript@5.9.3)
    optionalDependencies:
      typescript: 5.9.3

  '@lexical/list@0.49.0(typescript@5.9.3)':
    dependencies:
      '@lexical/extension': 0.49.0(typescript@5.9.3)
      '@lexical/html': 0.49.0(typescript@5.9.3)
      '@lexical/internal': 0.49.0(typescript@5.9.3)
      '@lexical/utils': 0.49.0(typescript@5.9.3)
      lexical: 0.49.0(typescript@5.9.3)
    optionalDependencies:
      typescript: 5.9.3

  '@lexical/markdown@0.49.0(typescript@5.9.3)':
    dependencies:
      '@lexical/code-core': 0.49.0(typescript@5.9.3)
      '@lexical/internal': 0.49.0(typescript@5.9.3)
      '@lexical/link': 0.49.0(typescript@5.9.3)
      '@lexical/list': 0.49.0(typescript@5.9.3)
      '@lexical/rich-text': 0.49.0(typescript@5.9.3)
      '@lexical/selection': 0.49.0(typescript@5.9.3)
      '@lexical/text': 0.49.0(typescript@5.9.3)
      '@lexical/utils': 0.49.0(typescript@5.9.3)
      lexical: 0.49.0(typescript@5.9.3)
    optionalDependencies:
      typescript: 5.9.3

  '@lexical/rich-text@0.49.0(typescript@5.9.3)':
    dependencies:
      '@lexical/clipboard': 0.49.0(typescript@5.9.3)
      '@lexical/dragon': 0.49.0(typescript@5.9.3)
      '@lexical/extension': 0.49.0(typescript@5.9.3)
      '@lexical/html': 0.49.0(typescript@5.9.3)
      '@lexical/selection': 0.49.0(typescript@5.9.3)
      '@lexical/utils': 0.49.0(typescript@5.9.3)
      lexical: 0.49.0(typescript@5.9.3)
    optionalDependencies:
      typescript: 5.9.3

  '@lexical/selection@0.49.0(typescript@5.9.3)':
    dependencies:
      '@lexical/internal': 0.49.0(typescript@5.9.3)
      lexical: 0.49.0(typescript@5.9.3)
    optionalDependencies:
      typescript: 5.9.3

  '@lexical/text@0.49.0(typescript@5.9.3)':
    dependencies:
      '@lexical/internal': 0.49.0(typescript@5.9.3)
      lexical: 0.49.0(typescript@5.9.3)
    optionalDependencies:
      typescript: 5.9.3

  '@lexical/utils@0.49.0(typescript@5.9.3)':
    dependencies:
      '@lexical/internal': 0.49.0(typescript@5.9.3)
      '@lexical/selection': 0.49.0(typescript@5.9.3)
      lexical: 0.49.0(typescript@5.9.3)
    optionalDependencies:
      typescript: 5.9.3

  '@lezer/common@1.5.2': {}

  '@lezer/css@1.3.3':
    dependencies:
      '@lezer/common': 1.5.2
      '@lezer/highlight': 1.2.3
      '@lezer/lr': 1.4.10

  '@lezer/highlight@1.2.3':
    dependencies:
      '@lezer/common': 1.5.2

  '@lezer/html@1.3.13':
    dependencies:
      '@lezer/common': 1.5.2
      '@lezer/highlight': 1.2.3
      '@lezer/lr': 1.4.10

  '@lezer/javascript@1.5.4':
    dependencies:
      '@lezer/common': 1.5.2
      '@lezer/highlight': 1.2.3
      '@lezer/lr': 1.4.10

  '@lezer/lr@1.4.10':
    dependencies:
      '@lezer/common': 1.5.2

  '@lezer/markdown@1.6.3':
    dependencies:
      '@lezer/common': 1.5.2
      '@lezer/highlight': 1.2.3

  '@marijn/find-cluster-break@1.0.2': {}

  '@mixmark-io/domino@2.2.0': {}

  '@playwright/test@1.62.1':
    dependencies:
      playwright: 1.62.1

  '@preact/signals-core@1.14.2': {}

  '@types/trusted-types@2.0.7': {}

  codemirror@6.0.2:
    dependencies:
      '@codemirror/autocomplete': 6.20.1
      '@codemirror/commands': 6.10.3
      '@codemirror/language': 6.12.3
      '@codemirror/lint': 6.9.5
      '@codemirror/search': 6.6.0
      '@codemirror/state': 6.6.0
      '@codemirror/view': 6.41.0

  crelt@1.0.6: {}

  fsevents@2.3.2:
    optional: true

  lexical@0.49.0(typescript@5.9.3):
    dependencies:
      '@lexical/internal': 0.49.0(typescript@5.9.3)
    optionalDependencies:
      typescript: 5.9.3

  playwright-core@1.62.1: {}

  playwright@1.62.1:
    dependencies:
      playwright-core: 1.62.1
    optionalDependencies:
      fsevents: 2.3.2

  style-mod@4.1.3: {}

  turndown@7.2.4:
    dependencies:
      '@mixmark-io/domino': 2.2.0

  typescript@5.9.3: {}

  w3c-keyname@2.2.8: {}
